
Microsoft Visual Studio Solution File, Format Version 12.00
# Visual Studio 15
VisualStudioVersion = 15.0.28307.572
MinimumVisualStudioVersion = 10.0.40219.1
Project("{888888A0-9F3D-457C-B088-3A5042F75D52}") = "RandomCopy", "RandomCopy\RandomCopy.pyproj", "{62791DC9-F605-437A-B704-4FCBE1D3C0CB}"
EndProject
Global
	GlobalSection(SolutionConfigurationPlatforms) = preSolution
		Debug|Any CPU = Debug|Any CPU
		Release|Any CPU = Release|Any CPU
	EndGlobalSection
	GlobalSection(ProjectConfigurationPlatforms) = postSolution
		{62791DC9-F605-437A-B704-4FCBE1D3C0CB}.Debug|Any CPU.ActiveCfg = Debug|Any CPU
		{62791DC9-F605-437A-B704-4FCBE1D3C0CB}.Release|Any CPU.ActiveCfg = Release|Any CPU
	EndGlobalSection
	GlobalSection(SolutionProperties) = preSolution
		HideSolutionNode = FALSE
	EndGlobalSection
	GlobalSection(ExtensibilityGlobals) = postSolution
		SolutionGuid = {C4D1F825-D0A4-4AF8-8DE1-6C5593D5807B}
	EndGlobalSection
EndGlobal
